
Microsoft Visual Studio Solution File, Format Version 12.00
# Visual Studio Version 16
VisualStudioVersion = 16.0.29411.108
MinimumVisualStudioVersion = 10.0.40219.1
Project("{FAE04EC0-301F-11D3-BF4B-00C04F79EFBC}") = "OlgasTestTask", "OlgasTestTask\OlgasTestTask.csproj", "{FCA09D42-AA96-4FBC-B594-C0D90412CAE9}"
EndProject
Project("{FAE04EC0-301F-11D3-BF4B-00C04F79EFBC}") = "MatrixUnitTests", "MatrixUnitTests\MatrixUnitTests.csproj", "{C0A4BADB-D2BB-42FC-AD8A-BD7C9EB7A48B}"
EndProject
Project("{FAE04EC0-301F-11D3-BF4B-00C04F79EFBC}") = "Core", "Core\Core.csproj", "{40CDA541-0BF8-47CB-85FC-BCE438DE50C9}"
EndProject
Global
	GlobalSection(SolutionConfigurationPlatforms) = preSolution
		Debug|Any CPU = Debug|Any CPU
		Release|Any CPU = Release|Any CPU
	EndGlobalSection
	GlobalSection(ProjectConfigurationPlatforms) = postSolution
		{FCA09D42-AA96-4FBC-B594-C0D90412CAE9}.Debug|Any CPU.ActiveCfg = Debug|Any CPU
		{FCA09D42-AA96-4FBC-B594-C0D90412CAE9}.Debug|Any CPU.Build.0 = Debug|Any CPU
		{FCA09D42-AA96-4FBC-B594-C0D90412CAE9}.Release|Any CPU.ActiveCfg = Release|Any CPU
		{FCA09D42-AA96-4FBC-B594-C0D90412CAE9}.Release|Any CPU.Build.0 = Release|Any CPU
		{C0A4BADB-D2BB-42FC-AD8A-BD7C9EB7A48B}.Debug|Any CPU.ActiveCfg = Debug|Any CPU
		{C0A4BADB-D2BB-42FC-AD8A-BD7C9EB7A48B}.Debug|Any CPU.Build.0 = Debug|Any CPU
		{C0A4BADB-D2BB-42FC-AD8A-BD7C9EB7A48B}.Release|Any CPU.ActiveCfg = Release|Any CPU
		{C0A4BADB-D2BB-42FC-AD8A-BD7C9EB7A48B}.Release|Any CPU.Build.0 = Release|Any CPU
		{40CDA541-0BF8-47CB-85FC-BCE438DE50C9}.Debug|Any CPU.ActiveCfg = Debug|Any CPU
		{40CDA541-0BF8-47CB-85FC-BCE438DE50C9}.Debug|Any CPU.Build.0 = Debug|Any CPU
		{40CDA541-0BF8-47CB-85FC-BCE438DE50C9}.Release|Any CPU.ActiveCfg = Release|Any CPU
		{40CDA541-0BF8-47CB-85FC-BCE438DE50C9}.Release|Any CPU.Build.0 = Release|Any CPU
	EndGlobalSection
	GlobalSection(SolutionProperties) = preSolution
		HideSolutionNode = FALSE
	EndGlobalSection
	GlobalSection(ExtensibilityGlobals) = postSolution
		SolutionGuid = {8BD7A168-6513-4226-97BA-5839BD56A5CC}
	EndGlobalSection
EndGlobal
